
Microsoft Visual Studio Solution File, Format Version 12.00
# Visual Studio Version 16
VisualStudioVersion = 16.0.30413.136
MinimumVisualStudioVersion = 10.0.40219.1
Project("{9A19103F-16F7-4668-BE54-9A1E7A4F7556}") = "GremlinDemo", "GremlinDemo\GremlinDemo.csproj", "{FA2EAB81-3813-439A-9E2B-BAD68702BDC0}"
EndProject
Project("{FAE04EC0-301F-11D3-BF4B-00C04F79EFBC}") = "Neo4JDemo", "Neo4JDemo\Neo4j.Driver.Example\Neo4JDemo.csproj", "{9687DDD8-6A0F-4EB0-9A6B-9ADA45834F09}"
EndProject
Project("{2150E333-8FDC-42A3-9474-1A3956D46DE8}") = "Presentacion", "Presentacion", "{C6AD6D53-C048-4865-B589-A2D3ABBC55C9}"
	ProjectSection(SolutionItems) = preProject
		Grafos - La tercera via para nuestros datos - 2020 - V1.0.0.pdf = Grafos - La tercera via para nuestros datos - 2020 - V1.0.0.pdf
	EndProjectSection
EndProject
Project("{FAE04EC0-301F-11D3-BF4B-00C04F79EFBC}") = "Neo4JDemo2", "Neo4JDemo2\Neo4JDemo2.csproj", "{07CDB80C-9376-425C-A591-BEB1F0273E08}"
EndProject
Project("{FAE04EC0-301F-11D3-BF4B-00C04F79EFBC}") = "Neo2JDemo2Library", "Neo2JDemo2Library\Neo2JDemo2Library.csproj", "{0465AD56-2BEC-4632-A05A-D31B01548670}"
EndProject
Global
	GlobalSection(SolutionConfigurationPlatforms) = preSolution
		Debug|Any CPU = Debug|Any CPU
		Release|Any CPU = Release|Any CPU
	EndGlobalSection
	GlobalSection(ProjectConfigurationPlatforms) = postSolution
		{FA2EAB81-3813-439A-9E2B-BAD68702BDC0}.Debug|Any CPU.ActiveCfg = Debug|Any CPU
		{FA2EAB81-3813-439A-9E2B-BAD68702BDC0}.Debug|Any CPU.Build.0 = Debug|Any CPU
		{FA2EAB81-3813-439A-9E2B-BAD68702BDC0}.Release|Any CPU.ActiveCfg = Release|Any CPU
		{FA2EAB81-3813-439A-9E2B-BAD68702BDC0}.Release|Any CPU.Build.0 = Release|Any CPU
		{9687DDD8-6A0F-4EB0-9A6B-9ADA45834F09}.Debug|Any CPU.ActiveCfg = Debug|Any CPU
		{9687DDD8-6A0F-4EB0-9A6B-9ADA45834F09}.Debug|Any CPU.Build.0 = Debug|Any CPU
		{9687DDD8-6A0F-4EB0-9A6B-9ADA45834F09}.Release|Any CPU.ActiveCfg = Release|Any CPU
		{9687DDD8-6A0F-4EB0-9A6B-9ADA45834F09}.Release|Any CPU.Build.0 = Release|Any CPU
		{07CDB80C-9376-425C-A591-BEB1F0273E08}.Debug|Any CPU.ActiveCfg = Debug|Any CPU
		{07CDB80C-9376-425C-A591-BEB1F0273E08}.Debug|Any CPU.Build.0 = Debug|Any CPU
		{07CDB80C-9376-425C-A591-BEB1F0273E08}.Release|Any CPU.ActiveCfg = Release|Any CPU
		{07CDB80C-9376-425C-A591-BEB1F0273E08}.Release|Any CPU.Build.0 = Release|Any CPU
		{0465AD56-2BEC-4632-A05A-D31B01548670}.Debug|Any CPU.ActiveCfg = Debug|Any CPU
		{0465AD56-2BEC-4632-A05A-D31B01548670}.Debug|Any CPU.Build.0 = Debug|Any CPU
		{0465AD56-2BEC-4632-A05A-D31B01548670}.Release|Any CPU.ActiveCfg = Release|Any CPU
		{0465AD56-2BEC-4632-A05A-D31B01548670}.Release|Any CPU.Build.0 = Release|Any CPU
	EndGlobalSection
	GlobalSection(SolutionProperties) = preSolution
		HideSolutionNode = FALSE
	EndGlobalSection
	GlobalSection(ExtensibilityGlobals) = postSolution
		SolutionGuid = {13596F1F-FB48-4DAB-B54D-EAFB9BB86967}
	EndGlobalSection
EndGlobal
